<?xml version="1.0" encoding="utf-8"?>
<Project ToolsVersion="4.0" xmlns="http://schemas.microsoft.com/developer/msbuild/2003">
  <ItemGroup>
    <Filter Include="Source Files">
      <UniqueIdentifier>{4FC737F1-C7A5-4376-A066-2A32D752A2FF}</UniqueIdentifier>
      <Extensions>cpp;c;cc;cxx;def;odl;idl;hpj;bat;asm;asmx</Extensions>
    </Filter>
    <Filter Include="Header Files">
      <UniqueIdentifier>{93995380-89BD-4b04-88EB-625FBE52EBFB}</UniqueIdentifier>
      <Extensions>h;hh;hpp;hxx;hm;inl;inc;ipp;xsd</Extensions>
    </Filter>
    <Filter Include="Resource Files">
      <UniqueIdentifier>{67DA6AB6-F800-4c08-8B7A-83BB121AAD01}</UniqueIdentifier>
      <Extensions>rc;ico;cur;bmp;dlg;rc2;rct;bin;rgs;gif;jpg;jpeg;jpe;resx;tiff;tif;png;wav;mfcribbon-ms</Extensions>
    </Filter>
  </ItemGroup>
  <ItemGroup>
    <ClCompile Include="..\Lib\GLXtras.cpp">
      <Filter>Source Files</Filter>
    </ClCompile>
    <ClCompile Include="..\Lib\glad.c">
      <Filter>Source Files</Filter>
    </ClCompile>
    <ClCompile Include="..\Lib\Numbers.cpp">
      <Filter>Source Files</Filter>
    </ClCompile>
    <ClCompile Include="..\Lib\Misc.cpp">
      <Filter>Source Files</Filter>
    </ClCompile>
    <ClCompile Include="..\Lib\Quaternion.cpp">
      <Filter>Source Files</Filter>
    </ClCompile>
    <ClCompile Include="..\Lib\Widgets.cpp">
      <Filter>Source Files</Filter>
    </ClCompile>
    <ClCompile Include="..\Lib\Draw.cpp">
      <Filter>Source Files</Filter>
    </ClCompile>
    <ClCompile Include="src\Audio-Engine\AudioEngine.cpp">
      <Filter>Source Files</Filter>
    </ClCompile>
    <ClCompile Include="src\Main.cpp">
      <Filter>Source Files</Filter>
    </ClCompile>
    <ClCompile Include="..\Lib\Camera.cpp">
      <Filter>Source Files</Filter>
    </ClCompile>
  </ItemGroup>
  <ItemGroup>
    <None Include="res\sound\mx_section_1.ogg" />
    <None Include="ClassDiagram.cd" />
  </ItemGroup>
  <ItemGroup>
    <Image Include="res\objects\environment\grass.tga" />
  </ItemGroup>
  <ItemGroup>
    <ClInclude Include="src\Audio-Engine\AudioEngine.h">
      <Filter>Header Files</Filter>
    </ClInclude>
    <ClInclude Include="src\Util\Console.h">
      <Filter>Header Files</Filter>
    </ClInclude>
    <ClInclude Include="src\Game-Engine\GameObject.h">
      <Filter>Header Files</Filter>
    </ClInclude>
    <ClInclude Include="src\Game-Engine\Mesh.h">
      <Filter>Header Files</Filter>
    </ClInclude>
    <ClInclude Include="src\Game-Engine\Model.h">
      <Filter>Header Files</Filter>
    </ClInclude>
    <ClInclude Include="src\Game-Engine\Shader.h">
      <Filter>Header Files</Filter>
    </ClInclude>
    <ClInclude Include="src\GameData.h">
      <Filter>Header Files</Filter>
    </ClInclude>
    <ClInclude Include="src\Game-Engine\Bird.h">
      <Filter>Header Files</Filter>
    </ClInclude>
    <ClInclude Include="src\Game-Engine\Animation.h">
      <Filter>Header Files</Filter>
    </ClInclude>
    <ClInclude Include="src\Game-Engine\Player.h">
      <Filter>Header Files</Filter>
    </ClInclude>
    <ClInclude Include="src\Game-Engine\Harp.h">
      <Filter>Header Files</Filter>
    </ClInclude>
    <ClInclude Include="src\Game-Engine\AABB.h">
      <Filter>Header Files</Filter>
    </ClInclude>
    <ClInclude Include="src\Audio-Engine\FootstepController.h">
      <Filter>Header Files</Filter>
    </ClInclude>
    <ClInclude Include="src\Game-Engine\InstancedObject.h">
      <Filter>Header Files</Filter>
    </ClInclude>
    <ClInclude Include="src\Game-Engine\Coins.h">
      <Filter>Header Files</Filter>
    </ClInclude>
    <ClInclude Include="src\Game-Engine\AsteroidRing.h">
      <Filter>Header Files</Filter>
    </ClInclude>
    <ClInclude Include="src\Game-Engine\Coin.h">
      <Filter>Header Files</Filter>
    </ClInclude>
    <ClInclude Include="src\Game-Engine\LOGL_Camera.h">
      <Filter>Header Files</Filter>
    </ClInclude>
  </ItemGroup>
  <ItemGroup>
    <Media Include="res\sound\Medieval Village2.5_Loop1_ImplementationDemo.wav">
      <Filter>Resource Files</Filter>
    </Media>
    <Media Include="res\sound\Medieval Village2.5_Loop1_Layer1_54BPM.wav">
      <Filter>Resource Files</Filter>
    </Media>
    <Media Include="res\sound\Medieval Village2.5_Loop1_Layer2_54BPM.wav">
      <Filter>Resource Files</Filter>
    </Media>
    <Media Include="res\sound\Medieval Village2.5_Loop1_Layer3_54BPM.wav">
      <Filter>Resource Files</Filter>
    </Media>
  </ItemGroup>
</Project>